
Microsoft Visual Studio Solution File, Format Version 12.00
# Visual Studio Version 16
VisualStudioVersion = 16.0.31019.35
MinimumVisualStudioVersion = 10.0.40219.1
Project("{FAE04EC0-301F-11D3-BF4B-00C04F79EFBC}") = "API", "API\API.csproj", "{DE609671-07E0-4DC1-B8B6-0D2CE0038DE0}"
EndProject
Project("{FAE04EC0-301F-11D3-BF4B-00C04F79EFBC}") = "API.Test", "API.Test\API.Test.csproj", "{BE6A8D1F-AE03-4D00-BFC3-6BBC658262CE}"
EndProject
Global
	GlobalSection(SolutionConfigurationPlatforms) = preSolution
		Debug|Any CPU = Debug|Any CPU
		Release|Any CPU = Release|Any CPU
	EndGlobalSection
	GlobalSection(ProjectConfigurationPlatforms) = postSolution
		{DE609671-07E0-4DC1-B8B6-0D2CE0038DE0}.Debug|Any CPU.ActiveCfg = Debug|Any CPU
		{DE609671-07E0-4DC1-B8B6-0D2CE0038DE0}.Debug|Any CPU.Build.0 = Debug|Any CPU
		{DE609671-07E0-4DC1-B8B6-0D2CE0038DE0}.Release|Any CPU.ActiveCfg = Release|Any CPU
		{DE609671-07E0-4DC1-B8B6-0D2CE0038DE0}.Release|Any CPU.Build.0 = Release|Any CPU
		{BE6A8D1F-AE03-4D00-BFC3-6BBC658262CE}.Debug|Any CPU.ActiveCfg = Debug|Any CPU
		{BE6A8D1F-AE03-4D00-BFC3-6BBC658262CE}.Debug|Any CPU.Build.0 = Debug|Any CPU
		{BE6A8D1F-AE03-4D00-BFC3-6BBC658262CE}.Release|Any CPU.ActiveCfg = Release|Any CPU
		{BE6A8D1F-AE03-4D00-BFC3-6BBC658262CE}.Release|Any CPU.Build.0 = Release|Any CPU
	EndGlobalSection
	GlobalSection(SolutionProperties) = preSolution
		HideSolutionNode = FALSE
	EndGlobalSection
	GlobalSection(ExtensibilityGlobals) = postSolution
		SolutionGuid = {5957E85E-BED0-40A7-86CE-FB02D9A5BBB7}
	EndGlobalSection
EndGlobal
